// !$*UTF8*$!
{
	archiveVersion = 1;
	classes = {
	};
	objectVersion = 46;
	objects = {

/* Begin PBXBuildFile section */
		F2F45CE71D100064004848F6 /* main.m in Sources */ = {isa = PBXBuildFile; fileRef = F2F45CE61D100064004848F6 /* main.m */; };
		F2F45CEA1D100064004848F6 /* AppDelegate.m in Sources */ = {isa = PBXBuildFile; fileRef = F2F45CE91D100064004848F6 /* AppDelegate.m */; };
		F2F45CED1D100064004848F6 /* ViewController.m in Sources */ = {isa = PBXBuildFile; fileRef = F2F45CEC1D100064004848F6 /* ViewController.m */; };
		F2F45CF01D100064004848F6 /* Main.storyboard in Resources */ = {isa = PBXBuildFile; fileRef = F2F45CEE1D100064004848F6 /* Main.storyboard */; };
		F2F45CF21D100064004848F6 /* Assets.xcassets in Resources */ = {isa = PBXBuildFile; fileRef = F2F45CF11D100064004848F6 /* Assets.xcassets */; };
		F2F45CF51D100064004848F6 /* LaunchScreen.storyboard in Resources */ = {isa = PBXBuildFile; fileRef = F2F45CF31D100064004848F6 /* LaunchScreen.storyboard */; };
		F2F45CFD1D100295004848F6 /* SystemConfiguration.framework in Frameworks */ = {isa = PBXBuildFile; fileRef = F2F45CFC1D100295004848F6 /* SystemConfiguration.framework */; };
		F2F45CFF1D1002A0004848F6 /* libz.tbd in Frameworks */ = {isa = PBXBuildFile; fileRef = F2F45CFE1D1002A0004848F6 /* libz.tbd */; };
		F2F45D011D1002AB004848F6 /* libsqlite3.0.tbd in Frameworks */ = {isa = PBXBuildFile; fileRef = F2F45D001D1002AB004848F6 /* libsqlite3.0.tbd */; };
		F2F45D031D1002B8004848F6 /* libc++.tbd in Frameworks */ = {isa = PBXBuildFile; fileRef = F2F45D021D1002B8004848F6 /* libc++.tbd */; };
		F2F45DB01D128EFB004848F6 /* libWeChatSDK.a in Frameworks */ = {isa = PBXBuildFile; fileRef = F2F45DAB1D128EFB004848F6 /* libWeChatSDK.a */; };
		F2F45DB11D128EFB004848F6 /* README.txt in Resources */ = {isa = PBXBuildFile; fileRef = F2F45DAC1D128EFB004848F6 /* README.txt */; };
		F2F45DEA1D129F64004848F6 /* CoreTelephony.framework in Frameworks */ = {isa = PBXBuildFile; fileRef = F2F45DE91D129F64004848F6 /* CoreTelephony.framework */; };
		F2F45DEC1D129F7F004848F6 /* Security.framework in Frameworks */ = {isa = PBXBuildFile; fileRef = F2F45DEB1D129F7F004848F6 /* Security.framework */; };
/* End PBXBuildFile section */

/* Begin PBXFileReference section */
		F2F45CE21D100064004848F6 /* wx_auth_demo.app */ = {isa = PBXFileReference; explicitFileType = wrapper.application; includeInIndex = 0; path = wx_auth_demo.app; sourceTree = BUILT_PRODUCTS_DIR; };
		F2F45CE61D100064004848F6 /* main.m */ = {isa = PBXFileReference; lastKnownFileType = sourcecode.c.objc; path = main.m; sourceTree = "<group>"; };
		F2F45CE81D100064004848F6 /* AppDelegate.h */ = {isa = PBXFileReference; lastKnownFileType = sourcecode.c.h; path = AppDelegate.h; sourceTree = "<group>"; };
		F2F45CE91D100064004848F6 /* AppDelegate.m */ = {isa = PBXFileReference; lastKnownFileType = sourcecode.c.objc; path = AppDelegate.m; sourceTree = "<group>"; };
		F2F45CEB1D100064004848F6 /* ViewController.h */ = {isa = PBXFileReference; lastKnownFileType = sourcecode.c.h; path = ViewController.h; sourceTree = "<group>"; };
		F2F45CEC1D100064004848F6 /* ViewController.m */ = {isa = PBXFileReference; lastKnownFileType = sourcecode.c.objc; path = ViewController.m; sourceTree = "<group>"; };
		F2F45CEF1D100064004848F6 /* Base */ = {isa = PBXFileReference; lastKnownFileType = file.storyboard; name = Base; path = Base.lproj/Main.storyboard; sourceTree = "<group>"; };
		F2F45CF11D100064004848F6 /* Assets.xcassets */ = {isa = PBXFileReference; lastKnownFileType = folder.assetcatalog; path = Assets.xcassets; sourceTree = "<group>"; };
		F2F45CF41D100064004848F6 /* Base */ = {isa = PBXFileReference; lastKnownFileType = file.storyboard; name = Base; path = Base.lproj/LaunchScreen.storyboard; sourceTree = "<group>"; };
		F2F45CF61D100064004848F6 /* Info.plist */ = {isa = PBXFileReference; lastKnownFileType = text.plist.xml; path = Info.plist; sourceTree = "<group>"; };
		F2F45CFC1D100295004848F6 /* SystemConfiguration.framework */ = {isa = PBXFileReference; lastKnownFileType = wrapper.framework; name = SystemConfiguration.framework; path = System/Library/Frameworks/SystemConfiguration.framework; sourceTree = SDKROOT; };
		F2F45CFE1D1002A0004848F6 /* libz.tbd */ = {isa = PBXFileReference; lastKnownFileType = "sourcecode.text-based-dylib-definition"; name = libz.tbd; path = usr/lib/libz.tbd; sourceTree = SDKROOT; };
		F2F45D001D1002AB004848F6 /* libsqlite3.0.tbd */ = {isa = PBXFileReference; lastKnownFileType = "sourcecode.text-based-dylib-definition"; name = libsqlite3.0.tbd; path = usr/lib/libsqlite3.0.tbd; sourceTree = SDKROOT; };
		F2F45D021D1002B8004848F6 /* libc++.tbd */ = {isa = PBXFileReference; lastKnownFileType = "sourcecode.text-based-dylib-definition"; name = "libc++.tbd"; path = "usr/lib/libc++.tbd"; sourceTree = SDKROOT; };
		F2F45DAB1D128EFB004848F6 /* libWeChatSDK.a */ = {isa = PBXFileReference; lastKnownFileType = archive.ar; path = libWeChatSDK.a; sourceTree = "<group>"; };
		F2F45DAC1D128EFB004848F6 /* README.txt */ = {isa = PBXFileReference; fileEncoding = 4; lastKnownFileType = text; path = README.txt; sourceTree = "<group>"; };
		F2F45DAD1D128EFB004848F6 /* WechatAuthSDK.h */ = {isa = PBXFileReference; fileEncoding = 4; lastKnownFileType = sourcecode.c.h; path = WechatAuthSDK.h; sourceTree = "<group>"; };
		F2F45DAE1D128EFB004848F6 /* WXApi.h */ = {isa = PBXFileReference; fileEncoding = 4; lastKnownFileType = sourcecode.c.h; path = WXApi.h; sourceTree = "<group>"; };
		F2F45DAF1D128EFB004848F6 /* WXApiObject.h */ = {isa = PBXFileReference; fileEncoding = 4; lastKnownFileType = sourcecode.c.h; path = WXApiObject.h; sourceTree = "<group>"; };
		F2F45DE91D129F64004848F6 /* CoreTelephony.framework */ = {isa = PBXFileReference; lastKnownFileType = wrapper.framework; name = CoreTelephony.framework; path = System/Library/Frameworks/CoreTelephony.framework; sourceTree = SDKROOT; };
		F2F45DEB1D129F7F004848F6 /* Security.framework */ = {isa = PBXFileReference; lastKnownFileType = wrapper.framework; name = Security.framework; path = System/Library/Frameworks/Security.framework; sourceTree = SDKROOT; };
/* End PBXFileReference section */

/* Begin PBXFrameworksBuildPhase section */
		F2F45CDF1D100064004848F6 /* Frameworks */ = {
			isa = PBXFrameworksBuildPhase;
			buildActionMask = 2147483647;
			files = (
				F2F45DEC1D129F7F004848F6 /* Security.framework in Frameworks */,
				F2F45DEA1D129F64004848F6 /* CoreTelephony.framework in Frameworks */,
				F2F45D031D1002B8004848F6 /* libc++.tbd in Frameworks */,
				F2F45D011D1002AB004848F6 /* libsqlite3.0.tbd in Frameworks */,
				F2F45CFF1D1002A0004848F6 /* libz.tbd in Frameworks */,
				F2F45CFD1D100295004848F6 /* SystemConfiguration.framework in Frameworks */,
				F2F45DB01D128EFB004848F6 /* libWeChatSDK.a in Frameworks */,
			);
			runOnlyForDeploymentPostprocessing = 0;
		};
/* End PBXFrameworksBuildPhase section */

/* Begin PBXGroup section */
		F2F45CD91D100064004848F6 = {
			isa = PBXGroup;
			children = (
				F2F45DEB1D129F7F004848F6 /* Security.framework */,
				F2F45DE91D129F64004848F6 /* CoreTelephony.framework */,
				F2F45DAA1D128EFB004848F6 /* SDKExport */,
				F2F45D021D1002B8004848F6 /* libc++.tbd */,
				F2F45D001D1002AB004848F6 /* libsqlite3.0.tbd */,
				F2F45CFE1D1002A0004848F6 /* libz.tbd */,
				F2F45CFC1D100295004848F6 /* SystemConfiguration.framework */,
				F2F45CE41D100064004848F6 /* wx_auth_demo */,
				F2F45CE31D100064004848F6 /* Products */,
			);
			sourceTree = "<group>";
		};
		F2F45CE31D100064004848F6 /* Products */ = {
			isa = PBXGroup;
			children = (
				F2F45CE21D100064004848F6 /* wx_auth_demo.app */,
			);
			name = Products;
			sourceTree = "<group>";
		};
		F2F45CE41D100064004848F6 /* wx_auth_demo */ = {
			isa = PBXGroup;
			children = (
				F2F45CE81D100064004848F6 /* AppDelegate.h */,
				F2F45CE91D100064004848F6 /* AppDelegate.m */,
				F2F45CEB1D100064004848F6 /* ViewController.h */,
				F2F45CEC1D100064004848F6 /* ViewController.m */,
				F2F45CEE1D100064004848F6 /* Main.storyboard */,
				F2F45CF11D100064004848F6 /* Assets.xcassets */,
				F2F45CF31D100064004848F6 /* LaunchScreen.storyboard */,
				F2F45CF61D100064004848F6 /* Info.plist */,
				F2F45CE51D100064004848F6 /* Supporting Files */,
			);
			path = wx_auth_demo;
			sourceTree = "<group>";
		};
		F2F45CE51D100064004848F6 /* Supporting Files */ = {
			isa = PBXGroup;
			children = (
				F2F45CE61D100064004848F6 /* main.m */,
			);
			name = "Supporting Files";
			sourceTree = "<group>";
		};
		F2F45DAA1D128EFB004848F6 /* SDKExport */ = {
			isa = PBXGroup;
			children = (
				F2F45DAB1D128EFB004848F6 /* libWeChatSDK.a */,
				F2F45DAC1D128EFB004848F6 /* README.txt */,
				F2F45DAD1D128EFB004848F6 /* WechatAuthSDK.h */,
				F2F45DAE1D128EFB004848F6 /* WXApi.h */,
				F2F45DAF1D128EFB004848F6 /* WXApiObject.h */,
			);
			path = SDKExport;
			sourceTree = "<group>";
		};
/* End PBXGroup section */

/* Begin PBXNativeTarget section */
		F2F45CE11D100064004848F6 /* wx_auth_demo */ = {
			isa = PBXNativeTarget;
			buildConfigurationList = F2F45CF91D100064004848F6 /* Build configuration list for PBXNativeTarget "wx_auth_demo" */;
			buildPhases = (
				F2F45CDE1D100064004848F6 /* Sources */,
				F2F45CDF1D100064004848F6 /* Frameworks */,
				F2F45CE01D100064004848F6 /* Resources */,
			);
			buildRules = (
			);
			dependencies = (
			);
			name = wx_auth_demo;
			productName = wx_auth_demo;
			productReference = F2F45CE21D100064004848F6 /* wx_auth_demo.app */;
			productType = "com.apple.product-type.application";
		};
/* End PBXNativeTarget section */

/* Begin PBXProject section */
		F2F45CDA1D100064004848F6 /* Project object */ = {
			isa = PBXProject;
			attributes = {
				LastUpgradeCheck = 0730;
				ORGANIZATIONNAME = "李林";
				TargetAttributes = {
					F2F45CE11D100064004848F6 = {
						CreatedOnToolsVersion = 7.3.1;
						DevelopmentTeam = ZW95P3X8Q5;
					};
				};
			};
			buildConfigurationList = F2F45CDD1D100064004848F6 /* Build configuration list for PBXProject "wx_auth_demo" */;
			compatibilityVersion = "Xcode 3.2";
			developmentRegion = English;
			hasScannedForEncodings = 0;
			knownRegions = (
				en,
				Base,
			);
			mainGroup = F2F45CD91D100064004848F6;
			productRefGroup = F2F45CE31D100064004848F6 /* Products */;
			projectDirPath = "";
			projectRoot = "";
			targets = (
				F2F45CE11D100064004848F6 /* wx_auth_demo */,
			);
		};
/* End PBXProject section */

/* Begin PBXResourcesBuildPhase section */
		F2F45CE01D100064004848F6 /* Resources */ = {
			isa = PBXResourcesBuildPhase;
			buildActionMask = 2147483647;
			files = (
				F2F45CF51D100064004848F6 /* LaunchScreen.storyboard in Resources */,
				F2F45CF21D100064004848F6 /* Assets.xcassets in Resources */,
				F2F45DB11D128EFB004848F6 /* README.txt in Resources */,
				F2F45CF01D100064004848F6 /* Main.storyboard in Resources */,
			);
			runOnlyForDeploymentPostprocessing = 0;
		};
/* End PBXResourcesBuildPhase section */

/* Begin PBXSourcesBuildPhase section */
		F2F45CDE1D100064004848F6 /* Sources */ = {
			isa = PBXSourcesBuildPhase;
			buildActionMask = 2147483647;
			files = (
				F2F45CED1D100064004848F6 /* ViewController.m in Sources */,
				F2F45CEA1D100064004848F6 /* AppDelegate.m in Sources */,
				F2F45CE71D100064004848F6 /* main.m in Sources */,
			);
			runOnlyForDeploymentPostprocessing = 0;
		};
/* End PBXSourcesBuildPhase section */

/* Begin PBXVariantGroup section */
		F2F45CEE1D100064004848F6 /* Main.storyboard */ = {
			isa = PBXVariantGroup;
			children = (
				F2F45CEF1D100064004848F6 /* Base */,
			);
			name = Main.storyboard;
			sourceTree = "<group>";
		};
		F2F45CF31D100064004848F6 /* LaunchScreen.storyboard */ = {
			isa = PBXVariantGroup;
			children = (
				F2F45CF41D100064004848F6 /* Base */,
			);
			name = LaunchScreen.storyboard;
			sourceTree = "<group>";
		};
/* End PBXVariantGroup section */

/* Begin XCBuildConfiguration section */
		F2F45CF71D100064004848F6 /* Debug */ = {
			isa = XCBuildConfiguration;
			buildSettings = {
				ALWAYS_SEARCH_USER_PATHS = NO;
				CLANG_ANALYZER_NONNULL = YES;
				CLANG_CXX_LANGUAGE_STANDARD = "gnu++0x";
				CLANG_CXX_LIBRARY = "libc++";
				CLANG_ENABLE_MODULES = YES;
				CLANG_ENABLE_OBJC_ARC = YES;
				CLANG_WARN_BOOL_CONVERSION = YES;
				CLANG_WARN_CONSTANT_CONVERSION = YES;
				CLANG_WARN_DIRECT_OBJC_ISA_USAGE = YES_ERROR;
				CLANG_WARN_EMPTY_BODY = YES;
				CLANG_WARN_ENUM_CONVERSION = YES;
				CLANG_WARN_INT_CONVERSION = YES;
				CLANG_WARN_OBJC_ROOT_CLASS = YES_ERROR;
				CLANG_WARN_UNREACHABLE_CODE = YES;
				CLANG_WARN__DUPLICATE_METHOD_MATCH = YES;
				"CODE_SIGN_IDENTITY[sdk=iphoneos*]" = "iPhone Developer";
				COPY_PHASE_STRIP = NO;
				DEBUG_INFORMATION_FORMAT = dwarf;
				ENABLE_BITCODE = NO;
				ENABLE_STRICT_OBJC_MSGSEND = YES;
				ENABLE_TESTABILITY = YES;
				GCC_C_LANGUAGE_STANDARD = gnu99;
				GCC_DYNAMIC_NO_PIC = NO;
				GCC_NO_COMMON_BLOCKS = YES;
				GCC_OPTIMIZATION_LEVEL = 0;
				GCC_PREPROCESSOR_DEFINITIONS = (
					"DEBUG=1",
					"$(inherited)",
				);
				GCC_WARN_64_TO_32_BIT_CONVERSION = YES;
				GCC_WARN_ABOUT_RETURN_TYPE = YES_ERROR;
				GCC_WARN_UNDECLARED_SELECTOR = YES;
				GCC_WARN_UNINITIALIZED_AUTOS = YES_AGGRESSIVE;
				GCC_WARN_UNUSED_FUNCTION = YES;
				GCC_WARN_UNUSED_VARIABLE = YES;
				IPHONEOS_DEPLOYMENT_TARGET = 9.3;
				MTL_ENABLE_DEBUG_INFO = YES;
				ONLY_ACTIVE_ARCH = YES;
				SDKROOT = iphoneos;
				VALID_ARCHS = "armv7 armv7s arm64";
			};
			name = Debug;
		};
		F2F45CF81D100064004848F6 /* Release */ = {
			isa = XCBuildConfiguration;
			buildSettings = {
				ALWAYS_SEARCH_USER_PATHS = NO;
				CLANG_ANALYZER_NONNULL = YES;
				CLANG_CXX_LANGUAGE_STANDARD = "gnu++0x";
				CLANG_CXX_LIBRARY = "libc++";
				CLANG_ENABLE_MODULES = YES;
				CLANG_ENABLE_OBJC_ARC = YES;
				CLANG_WARN_BOOL_CONVERSION = YES;
				CLANG_WARN_CONSTANT_CONVERSION = YES;
				CLANG_WARN_DIRECT_OBJC_ISA_USAGE = YES_ERROR;
				CLANG_WARN_EMPTY_BODY = YES;
				CLANG_WARN_ENUM_CONVERSION = YES;
				CLANG_WARN_INT_CONVERSION = YES;
				CLANG_WARN_OBJC_ROOT_CLASS = YES_ERROR;
				CLANG_WARN_UNREACHABLE_CODE = YES;
				CLANG_WARN__DUPLICATE_METHOD_MATCH = YES;
				"CODE_SIGN_IDENTITY[sdk=iphoneos*]" = "iPhone Developer";
				COPY_PHASE_STRIP = NO;
				DEBUG_INFORMATION_FORMAT = "dwarf-with-dsym";
				ENABLE_BITCODE = NO;
				ENABLE_NS_ASSERTIONS = NO;
				ENABLE_STRICT_OBJC_MSGSEND = YES;
				GCC_C_LANGUAGE_STANDARD = gnu99;
				GCC_NO_COMMON_BLOCKS = YES;
				GCC_WARN_64_TO_32_BIT_CONVERSION = YES;
				GCC_WARN_ABOUT_RETURN_TYPE = YES_ERROR;
				GCC_WARN_UNDECLARED_SELECTOR = YES;
				GCC_WARN_UNINITIALIZED_AUTOS = YES_AGGRESSIVE;
				GCC_WARN_UNUSED_FUNCTION = YES;
				GCC_WARN_UNUSED_VARIABLE = YES;
				IPHONEOS_DEPLOYMENT_TARGET = 9.3;
				MTL_ENABLE_DEBUG_INFO = NO;
				SDKROOT = iphoneos;
				VALIDATE_PRODUCT = YES;
				VALID_ARCHS = "armv7 armv7s arm64";
			};
			name = Release;
		};
		F2F45CFA1D100064004848F6 /* Debug */ = {
			isa = XCBuildConfiguration;
			buildSettings = {
				ASSETCATALOG_COMPILER_APPICON_NAME = AppIcon;
				CODE_SIGN_IDENTITY = "iPhone Developer";
				ENABLE_BITCODE = NO;
				INFOPLIST_FILE = wx_auth_demo/Info.plist;
				IPHONEOS_DEPLOYMENT_TARGET = 8.0;
				LD_RUNPATH_SEARCH_PATHS = "$(inherited) @executable_path/Frameworks";
				LIBRARY_SEARCH_PATHS = "$(PROJECT_DIR)/SDKExport";
				PRODUCT_BUNDLE_IDENTIFIER = com.authtest;
				PRODUCT_NAME = "$(TARGET_NAME)";
			};
			name = Debug;
		};
		F2F45CFB1D100064004848F6 /* Release */ = {
			isa = XCBuildConfiguration;
			buildSettings = {
				ASSETCATALOG_COMPILER_APPICON_NAME = AppIcon;
				CODE_SIGN_IDENTITY = "iPhone Developer";
				ENABLE_BITCODE = NO;
				INFOPLIST_FILE = wx_auth_demo/Info.plist;
				IPHONEOS_DEPLOYMENT_TARGET = 8.0;
				LD_RUNPATH_SEARCH_PATHS = "$(inherited) @executable_path/Frameworks";
				LIBRARY_SEARCH_PATHS = "$(PROJECT_DIR)/SDKExport";
				PRODUCT_BUNDLE_IDENTIFIER = com.authtest;
				PRODUCT_NAME = "$(TARGET_NAME)";
			};
			name = Release;
		};
/* End XCBuildConfiguration section */

/* Begin XCConfigurationList section */
		F2F45CDD1D100064004848F6 /* Build configuration list for PBXProject "wx_auth_demo" */ = {
			isa = XCConfigurationList;
			buildConfigurations = (
				F2F45CF71D100064004848F6 /* Debug */,
				F2F45CF81D100064004848F6 /* Release */,
			);
			defaultConfigurationIsVisible = 0;
			defaultConfigurationName = Release;
		};
		F2F45CF91D100064004848F6 /* Build configuration list for PBXNativeTarget "wx_auth_demo" */ = {
			isa = XCConfigurationList;
			buildConfigurations = (
				F2F45CFA1D100064004848F6 /* Debug */,
				F2F45CFB1D100064004848F6 /* Release */,
			);
			defaultConfigurationIsVisible = 0;
			defaultConfigurationName = Release;
		};
/* End XCConfigurationList section */
	};
	rootObject = F2F45CDA1D100064004848F6 /* Project object */;
}
